# This file is generated by running "yarn install" inside your project.
# Manual changes might be lost - proceed with caution!

__metadata:
  version: 8
  cacheKey: 10c0

"@esbuild/aix-ppc64@npm:0.25.3":
  version: 0.25.3
  resolution: "@esbuild/aix-ppc64@npm:0.25.3"
  conditions: os=aix & cpu=ppc64
  languageName: node
  linkType: hard

"@esbuild/android-arm64@npm:0.25.3":
  version: 0.25.3
  resolution: "@esbuild/android-arm64@npm:0.25.3"
  conditions: os=android & cpu=arm64
  languageName: node
  linkType: hard

"@esbuild/android-arm@npm:0.25.3":
  version: 0.25.3
  resolution: "@esbuild/android-arm@npm:0.25.3"
  conditions: os=android & cpu=arm
  languageName: node
  linkType: hard

"@esbuild/android-x64@npm:0.25.3":
  version: 0.25.3
  resolution: "@esbuild/android-x64@npm:0.25.3"
  conditions: os=android & cpu=x64
  languageName: node
  linkType: hard

"@esbuild/darwin-arm64@npm:0.25.3":
  version: 0.25.3
  resolution: "@esbuild/darwin-arm64@npm:0.25.3"
  conditions: os=darwin & cpu=arm64
  languageName: node
  linkType: hard

"@esbuild/darwin-x64@npm:0.25.3":
  version: 0.25.3
  resolution: "@esbuild/darwin-x64@npm:0.25.3"
  conditions: os=darwin & cpu=x64
  languageName: node
  linkType: hard

"@esbuild/freebsd-arm64@npm:0.25.3":
  version: 0.25.3
  resolution: "@esbuild/freebsd-arm64@npm:0.25.3"
  conditions: os=freebsd & cpu=arm64
  languageName: node
  linkType: hard

"@esbuild/freebsd-x64@npm:0.25.3":
  version: 0.25.3
  resolution: "@esbuild/freebsd-x64@npm:0.25.3"
  conditions: os=freebsd & cpu=x64
  languageName: node
  linkType: hard

"@esbuild/linux-arm64@npm:0.25.3":
  version: 0.25.3
  resolution: "@esbuild/linux-arm64@npm:0.25.3"
  conditions: os=linux & cpu=arm64
  languageName: node
  linkType: hard

"@esbuild/linux-arm@npm:0.25.3":
  version: 0.25.3
  resolution: "@esbuild/linux-arm@npm:0.25.3"
  conditions: os=linux & cpu=arm
  languageName: node
  linkType: hard

"@esbuild/linux-ia32@npm:0.25.3":
  version: 0.25.3
  resolution: "@esbuild/linux-ia32@npm:0.25.3"
  conditions: os=linux & cpu=ia32
  languageName: node
  linkType: hard

"@esbuild/linux-loong64@npm:0.25.3":
  version: 0.25.3
  resolution: "@esbuild/linux-loong64@npm:0.25.3"
  conditions: os=linux & cpu=loong64
  languageName: node
  linkType: hard

"@esbuild/linux-mips64el@npm:0.25.3":
  version: 0.25.3
  resolution: "@esbuild/linux-mips64el@npm:0.25.3"
  conditions: os=linux & cpu=mips64el
  languageName: node
  linkType: hard

"@esbuild/linux-ppc64@npm:0.25.3":
  version: 0.25.3
  resolution: "@esbuild/linux-ppc64@npm:0.25.3"
  conditions: os=linux & cpu=ppc64
  languageName: node
  linkType: hard

"@esbuild/linux-riscv64@npm:0.25.3":
  version: 0.25.3
  resolution: "@esbuild/linux-riscv64@npm:0.25.3"
  conditions: os=linux & cpu=riscv64
  languageName: node
  linkType: hard

"@esbuild/linux-s390x@npm:0.25.3":
  version: 0.25.3
  resolution: "@esbuild/linux-s390x@npm:0.25.3"
  conditions: os=linux & cpu=s390x
  languageName: node
  linkType: hard

"@esbuild/linux-x64@npm:0.25.3":
  version: 0.25.3
  resolution: "@esbuild/linux-x64@npm:0.25.3"
  conditions: os=linux & cpu=x64
  languageName: node
  linkType: hard

"@esbuild/netbsd-arm64@npm:0.25.3":
  version: 0.25.3
  resolution: "@esbuild/netbsd-arm64@npm:0.25.3"
  conditions: os=netbsd & cpu=arm64
  languageName: node
  linkType: hard

"@esbuild/netbsd-x64@npm:0.25.3":
  version: 0.25.3
  resolution: "@esbuild/netbsd-x64@npm:0.25.3"
  conditions: os=netbsd & cpu=x64
  languageName: node
  linkType: hard

"@esbuild/openbsd-arm64@npm:0.25.3":
  version: 0.25.3
  resolution: "@esbuild/openbsd-arm64@npm:0.25.3"
  conditions: os=openbsd & cpu=arm64
  languageName: node
  linkType: hard

"@esbuild/openbsd-x64@npm:0.25.3":
  version: 0.25.3
  resolution: "@esbuild/openbsd-x64@npm:0.25.3"
  conditions: os=openbsd & cpu=x64
  languageName: node
  linkType: hard

"@esbuild/sunos-x64@npm:0.25.3":
  version: 0.25.3
  resolution: "@esbuild/sunos-x64@npm:0.25.3"
  conditions: os=sunos & cpu=x64
  languageName: node
  linkType: hard

"@esbuild/win32-arm64@npm:0.25.3":
  version: 0.25.3
  resolution: "@esbuild/win32-arm64@npm:0.25.3"
  conditions: os=win32 & cpu=arm64
  languageName: node
  linkType: hard

"@esbuild/win32-ia32@npm:0.25.3":
  version: 0.25.3
  resolution: "@esbuild/win32-ia32@npm:0.25.3"
  conditions: os=win32 & cpu=ia32
  languageName: node
  linkType: hard

"@esbuild/win32-x64@npm:0.25.3":
  version: 0.25.3
  resolution: "@esbuild/win32-x64@npm:0.25.3"
  conditions: os=win32 & cpu=x64
  languageName: node
  linkType: hard

"@jridgewell/gen-mapping@npm:^0.3.5":
  version: 0.3.8
  resolution: "@jridgewell/gen-mapping@npm:0.3.8"
  dependencies:
    "@jridgewell/set-array": "npm:^1.2.1"
    "@jridgewell/sourcemap-codec": "npm:^1.4.10"
    "@jridgewell/trace-mapping": "npm:^0.3.24"
  checksum: 10c0/c668feaf86c501d7c804904a61c23c67447b2137b813b9ce03eca82cb9d65ac7006d766c218685d76e3d72828279b6ee26c347aa1119dab23fbaf36aed51585a
  languageName: node
  linkType: hard

"@jridgewell/resolve-uri@npm:^3.1.0":
  version: 3.1.2
  resolution: "@jridgewell/resolve-uri@npm:3.1.2"
  checksum: 10c0/d502e6fb516b35032331406d4e962c21fe77cdf1cbdb49c6142bcbd9e30507094b18972778a6e27cbad756209cfe34b1a27729e6fa08a2eb92b33943f680cf1e
  languageName: node
  linkType: hard

"@jridgewell/set-array@npm:^1.2.1":
  version: 1.2.1
  resolution: "@jridgewell/set-array@npm:1.2.1"
  checksum: 10c0/2a5aa7b4b5c3464c895c802d8ae3f3d2b92fcbe84ad12f8d0bfbb1f5ad006717e7577ee1fd2eac00c088abe486c7adb27976f45d2941ff6b0b92b2c3302c60f4
  languageName: node
  linkType: hard

"@jridgewell/source-map@npm:^0.3.3":
  version: 0.3.6
  resolution: "@jridgewell/source-map@npm:0.3.6"
  dependencies:
    "@jridgewell/gen-mapping": "npm:^0.3.5"
    "@jridgewell/trace-mapping": "npm:^0.3.25"
  checksum: 10c0/6a4ecc713ed246ff8e5bdcc1ef7c49aaa93f7463d948ba5054dda18b02dcc6a055e2828c577bcceee058f302ce1fc95595713d44f5c45e43d459f88d267f2f04
  languageName: node
  linkType: hard

"@jridgewell/sourcemap-codec@npm:^1.4.10, @jridgewell/sourcemap-codec@npm:^1.4.14":
  version: 1.5.0
  resolution: "@jridgewell/sourcemap-codec@npm:1.5.0"
  checksum: 10c0/2eb864f276eb1096c3c11da3e9bb518f6d9fc0023c78344cdc037abadc725172c70314bdb360f2d4b7bffec7f5d657ce006816bc5d4ecb35e61b66132db00c18
  languageName: node
  linkType: hard

"@jridgewell/trace-mapping@npm:^0.3.24, @jridgewell/trace-mapping@npm:^0.3.25":
  version: 0.3.25
  resolution: "@jridgewell/trace-mapping@npm:0.3.25"
  dependencies:
    "@jridgewell/resolve-uri": "npm:^3.1.0"
    "@jridgewell/sourcemap-codec": "npm:^1.4.14"
  checksum: 10c0/3d1ce6ebc69df9682a5a8896b414c6537e428a1d68b02fcc8363b04284a8ca0df04d0ee3013132252ab14f2527bc13bea6526a912ecb5658f0e39fd2860b4df4
  languageName: node
  linkType: hard

"@putout/minify@npm:^5.0.0":
  version: 5.0.1
  resolution: "@putout/minify@npm:5.0.1"
  checksum: 10c0/1b4ce3bad7509dd8c7dcc792aaf90c059c0a8e285e1c3d7f05677c161c5af5ed1b1789e5ab2f42b9c0d27972962d7d6eeca7f100aa1743122fc6f00a0c674482
  languageName: node
  linkType: hard

"@swc/core-darwin-arm64@npm:1.11.24":
  version: 1.11.24
  resolution: "@swc/core-darwin-arm64@npm:1.11.24"
  conditions: os=darwin & cpu=arm64
  languageName: node
  linkType: hard

"@swc/core-darwin-x64@npm:1.11.24":
  version: 1.11.24
  resolution: "@swc/core-darwin-x64@npm:1.11.24"
  conditions: os=darwin & cpu=x64
  languageName: node
  linkType: hard

"@swc/core-linux-arm-gnueabihf@npm:1.11.24":
  version: 1.11.24
  resolution: "@swc/core-linux-arm-gnueabihf@npm:1.11.24"
  conditions: os=linux & cpu=arm
  languageName: node
  linkType: hard

"@swc/core-linux-arm64-gnu@npm:1.11.24":
  version: 1.11.24
  resolution: "@swc/core-linux-arm64-gnu@npm:1.11.24"
  conditions: os=linux & cpu=arm64 & libc=glibc
  languageName: node
  linkType: hard

"@swc/core-linux-arm64-musl@npm:1.11.24":
  version: 1.11.24
  resolution: "@swc/core-linux-arm64-musl@npm:1.11.24"
  conditions: os=linux & cpu=arm64 & libc=musl
  languageName: node
  linkType: hard

"@swc/core-linux-x64-gnu@npm:1.11.24":
  version: 1.11.24
  resolution: "@swc/core-linux-x64-gnu@npm:1.11.24"
  conditions: os=linux & cpu=x64 & libc=glibc
  languageName: node
  linkType: hard

"@swc/core-linux-x64-musl@npm:1.11.24":
  version: 1.11.24
  resolution: "@swc/core-linux-x64-musl@npm:1.11.24"
  conditions: os=linux & cpu=x64 & libc=musl
  languageName: node
  linkType: hard

"@swc/core-win32-arm64-msvc@npm:1.11.24":
  version: 1.11.24
  resolution: "@swc/core-win32-arm64-msvc@npm:1.11.24"
  conditions: os=win32 & cpu=arm64
  languageName: node
  linkType: hard

"@swc/core-win32-ia32-msvc@npm:1.11.24":
  version: 1.11.24
  resolution: "@swc/core-win32-ia32-msvc@npm:1.11.24"
  conditions: os=win32 & cpu=ia32
  languageName: node
  linkType: hard

"@swc/core-win32-x64-msvc@npm:1.11.24":
  version: 1.11.24
  resolution: "@swc/core-win32-x64-msvc@npm:1.11.24"
  conditions: os=win32 & cpu=x64
  languageName: node
  linkType: hard

"@swc/core@npm:^1.6.7":
  version: 1.11.24
  resolution: "@swc/core@npm:1.11.24"
  dependencies:
    "@swc/core-darwin-arm64": "npm:1.11.24"
    "@swc/core-darwin-x64": "npm:1.11.24"
    "@swc/core-linux-arm-gnueabihf": "npm:1.11.24"
    "@swc/core-linux-arm64-gnu": "npm:1.11.24"
    "@swc/core-linux-arm64-musl": "npm:1.11.24"
    "@swc/core-linux-x64-gnu": "npm:1.11.24"
    "@swc/core-linux-x64-musl": "npm:1.11.24"
    "@swc/core-win32-arm64-msvc": "npm:1.11.24"
    "@swc/core-win32-ia32-msvc": "npm:1.11.24"
    "@swc/core-win32-x64-msvc": "npm:1.11.24"
    "@swc/counter": "npm:^0.1.3"
    "@swc/types": "npm:^0.1.21"
  peerDependencies:
    "@swc/helpers": ">=0.5.17"
  dependenciesMeta:
    "@swc/core-darwin-arm64":
      optional: true
    "@swc/core-darwin-x64":
      optional: true
    "@swc/core-linux-arm-gnueabihf":
      optional: true
    "@swc/core-linux-arm64-gnu":
      optional: true
    "@swc/core-linux-arm64-musl":
      optional: true
    "@swc/core-linux-x64-gnu":
      optional: true
    "@swc/core-linux-x64-musl":
      optional: true
    "@swc/core-win32-arm64-msvc":
      optional: true
    "@swc/core-win32-ia32-msvc":
      optional: true
    "@swc/core-win32-x64-msvc":
      optional: true
  peerDependenciesMeta:
    "@swc/helpers":
      optional: true
  checksum: 10c0/26c524a505927ebd4229ec20fecf5f38b6a3265f22f3ede3a334834b37d01eedd133676e231d19ecaae2923bdfb0fa66acb925ffaee6e472e36ed81a7ace90f7
  languageName: node
  linkType: hard

"@swc/counter@npm:^0.1.3":
  version: 0.1.3
  resolution: "@swc/counter@npm:0.1.3"
  checksum: 10c0/8424f60f6bf8694cfd2a9bca45845bce29f26105cda8cf19cdb9fd3e78dc6338699e4db77a89ae449260bafa1cc6bec307e81e7fb96dbf7dcfce0eea55151356
  languageName: node
  linkType: hard

"@swc/types@npm:^0.1.21":
  version: 0.1.21
  resolution: "@swc/types@npm:0.1.21"
  dependencies:
    "@swc/counter": "npm:^0.1.3"
  checksum: 10c0/2baa89c824426e0de0c84e212278010e2df8dc2d6ffaa6f1e306e1b2930c6404b3d3f8989307e8c42ceb95ac143ab7a80be138af6a014d5c782dce5be94dcd5e
  languageName: node
  linkType: hard

"@types/bun@npm:latest":
  version: 1.2.11
  resolution: "@types/bun@npm:1.2.11"
  dependencies:
    bun-types: "npm:1.2.11"
  checksum: 10c0/5d0d2988208d2ee24a26cb51acf377e516a619897b0de8ad2701577b7e524003b0e17b35789577716a710cf92789d2fa5f49f87662aed6370a920b45c46f0177
  languageName: node
  linkType: hard

"@types/clean-css@npm:*":
  version: 4.2.11
  resolution: "@types/clean-css@npm:4.2.11"
  dependencies:
    "@types/node": "npm:*"
    source-map: "npm:^0.6.0"
  checksum: 10c0/bd9848821982500854fed36e672981d9ff286a4cf37b8a7d15a51bbb3f3a3e90676ec18e29e0e753a4c1785c108ca0c30939209cc7dd72712a32fa9d727ea601
  languageName: node
  linkType: hard

"@types/ejs@npm:^3.1.5":
  version: 3.1.5
  resolution: "@types/ejs@npm:3.1.5"
  checksum: 10c0/13d994cf0323d7e0ad33b9384914ccd3b4cd8bf282eced3649b1621b66ee7c784ac2d120a9d7b1f43d6f873518248fb8c3221b06a649b847860b9c2389a0b0ed
  languageName: node
  linkType: hard

"@types/html-minifier-terser@npm:*":
  version: 7.0.2
  resolution: "@types/html-minifier-terser@npm:7.0.2"
  checksum: 10c0/46b700e022a666ed001f58c672bcabe1040660526ca617797750e84db8fc6e29e55305d7291d04b5c1e85960773e751d67ed338f5bf5264dd29d7d824a1ef1ed
  languageName: node
  linkType: hard

"@types/minify@npm:^9.1.4":
  version: 9.1.4
  resolution: "@types/minify@npm:9.1.4"
  dependencies:
    "@types/clean-css": "npm:*"
    "@types/html-minifier-terser": "npm:*"
    terser: "npm:^5.3.2"
  checksum: 10c0/07f24a299de991c9bff7fbe5bc024a03dd3830bd674ba3258363147434af9333719be189a5ab61ddaba87b3473f1f30103bab3735e8193ca7ecdd41266cdf4d7
  languageName: node
  linkType: hard

"@types/node@npm:*":
  version: 22.15.3
  resolution: "@types/node@npm:22.15.3"
  dependencies:
    undici-types: "npm:~6.21.0"
  checksum: 10c0/2879f012d1aeba0bfdb5fed80d165f4f2cb3d1f2e1f98a24b18d4a211b4ace7d64bf2622784c78355982ffc1081ba79d0934efc2fb8353913e5871a63609661f
  languageName: node
  linkType: hard

"acorn@npm:^8.8.2":
  version: 8.14.1
  resolution: "acorn@npm:8.14.1"
  bin:
    acorn: bin/acorn
  checksum: 10c0/dbd36c1ed1d2fa3550140000371fcf721578095b18777b85a79df231ca093b08edc6858d75d6e48c73e431c174dcf9214edbd7e6fa5911b93bd8abfa54e47123
  languageName: node
  linkType: hard

"ansi-styles@npm:^4.1.0":
  version: 4.3.0
  resolution: "ansi-styles@npm:4.3.0"
  dependencies:
    color-convert: "npm:^2.0.1"
  checksum: 10c0/895a23929da416f2bd3de7e9cb4eabd340949328ab85ddd6e484a637d8f6820d485f53933446f5291c3b760cbc488beb8e88573dd0f9c7daf83dccc8fe81b041
  languageName: node
  linkType: hard

"async@npm:^3.2.3":
  version: 3.2.6
  resolution: "async@npm:3.2.6"
  checksum: 10c0/36484bb15ceddf07078688d95e27076379cc2f87b10c03b6dd8a83e89475a3c8df5848859dd06a4c95af1e4c16fc973de0171a77f18ea00be899aca2a4f85e70
  languageName: node
  linkType: hard

"balanced-match@npm:^1.0.0":
  version: 1.0.2
  resolution: "balanced-match@npm:1.0.2"
  checksum: 10c0/9308baf0a7e4838a82bbfd11e01b1cb0f0cf2893bc1676c27c2a8c0e70cbae1c59120c3268517a8ae7fb6376b4639ef81ca22582611dbee4ed28df945134aaee
  languageName: node
  linkType: hard

"brace-expansion@npm:^1.1.7":
  version: 1.1.11
  resolution: "brace-expansion@npm:1.1.11"
  dependencies:
    balanced-match: "npm:^1.0.0"
    concat-map: "npm:0.0.1"
  checksum: 10c0/695a56cd058096a7cb71fb09d9d6a7070113c7be516699ed361317aca2ec169f618e28b8af352e02ab4233fb54eb0168460a40dc320bab0034b36ab59aaad668
  languageName: node
  linkType: hard

"brace-expansion@npm:^2.0.1":
  version: 2.0.1
  resolution: "brace-expansion@npm:2.0.1"
  dependencies:
    balanced-match: "npm:^1.0.0"
  checksum: 10c0/b358f2fe060e2d7a87aa015979ecea07f3c37d4018f8d6deb5bd4c229ad3a0384fe6029bb76cd8be63c81e516ee52d1a0673edbe2023d53a5191732ae3c3e49f
  languageName: node
  linkType: hard

"buffer-from@npm:^1.0.0":
  version: 1.1.2
  resolution: "buffer-from@npm:1.1.2"
  checksum: 10c0/124fff9d66d691a86d3b062eff4663fe437a9d9ee4b47b1b9e97f5a5d14f6d5399345db80f796827be7c95e70a8e765dd404b7c3ff3b3324f98e9b0c8826cc34
  languageName: node
  linkType: hard

"bun-types@npm:1.2.11":
  version: 1.2.11
  resolution: "bun-types@npm:1.2.11"
  dependencies:
    "@types/node": "npm:*"
  checksum: 10c0/00d92d8407ed1ec436815b680250a3c89e4f13fc695442cd8fcc29c1ed8f1180234257801aa7a350b2c0be58a9fcc6a3ec5520e1ce16cc5ea1ea370517512041
  languageName: node
  linkType: hard

"camel-case@npm:^4.1.2":
  version: 4.1.2
  resolution: "camel-case@npm:4.1.2"
  dependencies:
    pascal-case: "npm:^3.1.2"
    tslib: "npm:^2.0.3"
  checksum: 10c0/bf9eefaee1f20edbed2e9a442a226793bc72336e2b99e5e48c6b7252b6f70b080fc46d8246ab91939e2af91c36cdd422e0af35161e58dd089590f302f8f64c8a
  languageName: node
  linkType: hard

"chalk@npm:^4.0.2":
  version: 4.1.2
  resolution: "chalk@npm:4.1.2"
  dependencies:
    ansi-styles: "npm:^4.1.0"
    supports-color: "npm:^7.1.0"
  checksum: 10c0/4a3fef5cc34975c898ffe77141450f679721df9dde00f6c304353fa9c8b571929123b26a0e4617bde5018977eb655b31970c297b91b63ee83bb82aeb04666880
  languageName: node
  linkType: hard

"clean-css@npm:^5.0.1, clean-css@npm:~5.3.2":
  version: 5.3.3
  resolution: "clean-css@npm:5.3.3"
  dependencies:
    source-map: "npm:~0.6.0"
  checksum: 10c0/381de7523e23f3762eb180e327dcc0cedafaf8cb1cd8c26b7cc1fc56e0829a92e734729c4f955394d65ed72fb62f82d8baf78af34b33b8a7d41ebad2accdd6fb
  languageName: node
  linkType: hard

"color-convert@npm:^2.0.1":
  version: 2.0.1
  resolution: "color-convert@npm:2.0.1"
  dependencies:
    color-name: "npm:~1.1.4"
  checksum: 10c0/37e1150172f2e311fe1b2df62c6293a342ee7380da7b9cfdba67ea539909afbd74da27033208d01d6d5cfc65ee7868a22e18d7e7648e004425441c0f8a15a7d7
  languageName: node
  linkType: hard

"color-name@npm:~1.1.4":
  version: 1.1.4
  resolution: "color-name@npm:1.1.4"
  checksum: 10c0/a1a3f914156960902f46f7f56bc62effc6c94e84b2cae157a526b1c1f74b677a47ec602bf68a61abfa2b42d15b7c5651c6dbe72a43af720bc588dff885b10f95
  languageName: node
  linkType: hard

"commander@npm:^10.0.0":
  version: 10.0.1
  resolution: "commander@npm:10.0.1"
  checksum: 10c0/53f33d8927758a911094adadda4b2cbac111a5b377d8706700587650fd8f45b0bbe336de4b5c3fe47fd61f420a3d9bd452b6e0e6e5600a7e74d7bf0174f6efe3
  languageName: node
  linkType: hard

"commander@npm:^2.20.0":
  version: 2.20.3
  resolution: "commander@npm:2.20.3"
  checksum: 10c0/74c781a5248c2402a0a3e966a0a2bba3c054aad144f5c023364be83265e796b20565aa9feff624132ff629aa64e16999fa40a743c10c12f7c61e96a794b99288
  languageName: node
  linkType: hard

"concat-map@npm:0.0.1":
  version: 0.0.1
  resolution: "concat-map@npm:0.0.1"
  checksum: 10c0/c996b1cfdf95b6c90fee4dae37e332c8b6eb7d106430c17d538034c0ad9a1630cb194d2ab37293b1bdd4d779494beee7786d586a50bd9376fd6f7bcc2bd4c98f
  languageName: node
  linkType: hard

"css-b64-images@npm:~0.2.5":
  version: 0.2.5
  resolution: "css-b64-images@npm:0.2.5"
  bin:
    css-b64-images: bin/css-b64-images
  checksum: 10c0/aaa68d1c7c8ab4b778b64178b6a86d5b8b89e2a1bbfc26538e428d65700304a52c4dbc9d0e9572d9802bb6dade9c45661332aae02aa31d71e7106aefda8ba4b7
  languageName: node
  linkType: hard

"debug@npm:^4.1.0":
  version: 4.4.0
  resolution: "debug@npm:4.4.0"
  dependencies:
    ms: "npm:^2.1.3"
  peerDependenciesMeta:
    supports-color:
      optional: true
  checksum: 10c0/db94f1a182bf886f57b4755f85b3a74c39b5114b9377b7ab375dc2cfa3454f09490cc6c30f829df3fc8042bc8b8995f6567ce5cd96f3bc3688bd24027197d9de
  languageName: node
  linkType: hard

"detect-libc@npm:^2.0.3":
  version: 2.0.4
  resolution: "detect-libc@npm:2.0.4"
  checksum: 10c0/c15541f836eba4b1f521e4eecc28eefefdbc10a94d3b8cb4c507689f332cc111babb95deda66f2de050b22122113189986d5190be97d51b5a2b23b938415e67c
  languageName: node
  linkType: hard

"dot-case@npm:^3.0.4":
  version: 3.0.4
  resolution: "dot-case@npm:3.0.4"
  dependencies:
    no-case: "npm:^3.0.4"
    tslib: "npm:^2.0.3"
  checksum: 10c0/5b859ea65097a7ea870e2c91b5768b72ddf7fa947223fd29e167bcdff58fe731d941c48e47a38ec8aa8e43044c8fbd15cd8fa21689a526bc34b6548197cd5b05
  languageName: node
  linkType: hard

"ejs@npm:^3.1.10":
  version: 3.1.10
  resolution: "ejs@npm:3.1.10"
  dependencies:
    jake: "npm:^10.8.5"
  bin:
    ejs: bin/cli.js
  checksum: 10c0/52eade9e68416ed04f7f92c492183340582a36482836b11eab97b159fcdcfdedc62233a1bf0bf5e5e1851c501f2dca0e2e9afd111db2599e4e7f53ee29429ae1
  languageName: node
  linkType: hard

"entities@npm:^4.4.0":
  version: 4.5.0
  resolution: "entities@npm:4.5.0"
  checksum: 10c0/5b039739f7621f5d1ad996715e53d964035f75ad3b9a4d38c6b3804bb226e282ffeae2443624d8fdd9c47d8e926ae9ac009c54671243f0c3294c26af7cc85250
  languageName: node
  linkType: hard

"esbuild@npm:^0.25.1":
  version: 0.25.3
  resolution: "esbuild@npm:0.25.3"
  dependencies:
    "@esbuild/aix-ppc64": "npm:0.25.3"
    "@esbuild/android-arm": "npm:0.25.3"
    "@esbuild/android-arm64": "npm:0.25.3"
    "@esbuild/android-x64": "npm:0.25.3"
    "@esbuild/darwin-arm64": "npm:0.25.3"
    "@esbuild/darwin-x64": "npm:0.25.3"
    "@esbuild/freebsd-arm64": "npm:0.25.3"
    "@esbuild/freebsd-x64": "npm:0.25.3"
    "@esbuild/linux-arm": "npm:0.25.3"
    "@esbuild/linux-arm64": "npm:0.25.3"
    "@esbuild/linux-ia32": "npm:0.25.3"
    "@esbuild/linux-loong64": "npm:0.25.3"
    "@esbuild/linux-mips64el": "npm:0.25.3"
    "@esbuild/linux-ppc64": "npm:0.25.3"
    "@esbuild/linux-riscv64": "npm:0.25.3"
    "@esbuild/linux-s390x": "npm:0.25.3"
    "@esbuild/linux-x64": "npm:0.25.3"
    "@esbuild/netbsd-arm64": "npm:0.25.3"
    "@esbuild/netbsd-x64": "npm:0.25.3"
    "@esbuild/openbsd-arm64": "npm:0.25.3"
    "@esbuild/openbsd-x64": "npm:0.25.3"
    "@esbuild/sunos-x64": "npm:0.25.3"
    "@esbuild/win32-arm64": "npm:0.25.3"
    "@esbuild/win32-ia32": "npm:0.25.3"
    "@esbuild/win32-x64": "npm:0.25.3"
  dependenciesMeta:
    "@esbuild/aix-ppc64":
      optional: true
    "@esbuild/android-arm":
      optional: true
    "@esbuild/android-arm64":
      optional: true
    "@esbuild/android-x64":
      optional: true
    "@esbuild/darwin-arm64":
      optional: true
    "@esbuild/darwin-x64":
      optional: true
    "@esbuild/freebsd-arm64":
      optional: true
    "@esbuild/freebsd-x64":
      optional: true
    "@esbuild/linux-arm":
      optional: true
    "@esbuild/linux-arm64":
      optional: true
    "@esbuild/linux-ia32":
      optional: true
    "@esbuild/linux-loong64":
      optional: true
    "@esbuild/linux-mips64el":
      optional: true
    "@esbuild/linux-ppc64":
      optional: true
    "@esbuild/linux-riscv64":
      optional: true
    "@esbuild/linux-s390x":
      optional: true
    "@esbuild/linux-x64":
      optional: true
    "@esbuild/netbsd-arm64":
      optional: true
    "@esbuild/netbsd-x64":
      optional: true
    "@esbuild/openbsd-arm64":
      optional: true
    "@esbuild/openbsd-x64":
      optional: true
    "@esbuild/sunos-x64":
      optional: true
    "@esbuild/win32-arm64":
      optional: true
    "@esbuild/win32-ia32":
      optional: true
    "@esbuild/win32-x64":
      optional: true
  bin:
    esbuild: bin/esbuild
  checksum: 10c0/127aff654310ede4e2eb232a7b1d8823f5b5d69222caf17aa7f172574a5b6b75f71ce78c6d8a40030421d7c75b784dc640de0fb1b87b7ea77ab2a1c832fa8df8
  languageName: node
  linkType: hard

"filelist@npm:^1.0.4":
  version: 1.0.4
  resolution: "filelist@npm:1.0.4"
  dependencies:
    minimatch: "npm:^5.0.1"
  checksum: 10c0/426b1de3944a3d153b053f1c0ebfd02dccd0308a4f9e832ad220707a6d1f1b3c9784d6cadf6b2f68f09a57565f63ebc7bcdc913ccf8012d834f472c46e596f41
  languageName: node
  linkType: hard

"find-up@npm:^7.0.0":
  version: 7.0.0
  resolution: "find-up@npm:7.0.0"
  dependencies:
    locate-path: "npm:^7.2.0"
    path-exists: "npm:^5.0.0"
    unicorn-magic: "npm:^0.1.0"
  checksum: 10c0/e6ee3e6154560bc0ab3bc3b7d1348b31513f9bdf49a5dd2e952495427d559fa48cdf33953e85a309a323898b43fa1bfbc8b80c880dfc16068384783034030008
  languageName: node
  linkType: hard

"has-flag@npm:^4.0.0":
  version: 4.0.0
  resolution: "has-flag@npm:4.0.0"
  checksum: 10c0/2e789c61b7888d66993e14e8331449e525ef42aac53c627cc53d1c3334e768bcb6abdc4f5f0de1478a25beec6f0bd62c7549058b7ac53e924040d4f301f02fd1
  languageName: node
  linkType: hard

"html-minifier-terser@npm:^7.1.0":
  version: 7.2.0
  resolution: "html-minifier-terser@npm:7.2.0"
  dependencies:
    camel-case: "npm:^4.1.2"
    clean-css: "npm:~5.3.2"
    commander: "npm:^10.0.0"
    entities: "npm:^4.4.0"
    param-case: "npm:^3.0.4"
    relateurl: "npm:^0.2.7"
    terser: "npm:^5.15.1"
  bin:
    html-minifier-terser: cli.js
  checksum: 10c0/ffc97c17299d9ec30e17269781b816ea2fc411a9206fc9e768be8f2decb1ea1470892809babb23bb4e3ab1f64d606d97e1803bf526ae3af71edc0fd3070b94b9
  languageName: node
  linkType: hard

"jake@npm:^10.8.5":
  version: 10.9.2
  resolution: "jake@npm:10.9.2"
  dependencies:
    async: "npm:^3.2.3"
    chalk: "npm:^4.0.2"
    filelist: "npm:^1.0.4"
    minimatch: "npm:^3.1.2"
  bin:
    jake: bin/cli.js
  checksum: 10c0/c4597b5ed9b6a908252feab296485a4f87cba9e26d6c20e0ca144fb69e0c40203d34a2efddb33b3d297b8bd59605e6c1f44f6221ca1e10e69175ecbf3ff5fe31
  languageName: node
  linkType: hard

"jju@npm:^1.4.0":
  version: 1.4.0
  resolution: "jju@npm:1.4.0"
  checksum: 10c0/f3f444557e4364cfc06b1abf8331bf3778b26c0c8552ca54429bc0092652172fdea26cbffe33e1017b303d5aa506f7ede8571857400efe459cb7439180e2acad
  languageName: node
  linkType: hard

"lightningcss-darwin-arm64@npm:1.29.3":
  version: 1.29.3
  resolution: "lightningcss-darwin-arm64@npm:1.29.3"
  conditions: os=darwin & cpu=arm64
  languageName: node
  linkType: hard

"lightningcss-darwin-x64@npm:1.29.3":
  version: 1.29.3
  resolution: "lightningcss-darwin-x64@npm:1.29.3"
  conditions: os=darwin & cpu=x64
  languageName: node
  linkType: hard

"lightningcss-freebsd-x64@npm:1.29.3":
  version: 1.29.3
  resolution: "lightningcss-freebsd-x64@npm:1.29.3"
  conditions: os=freebsd & cpu=x64
  languageName: node
  linkType: hard

"lightningcss-linux-arm-gnueabihf@npm:1.29.3":
  version: 1.29.3
  resolution: "lightningcss-linux-arm-gnueabihf@npm:1.29.3"
  conditions: os=linux & cpu=arm
  languageName: node
  linkType: hard

"lightningcss-linux-arm64-gnu@npm:1.29.3":
  version: 1.29.3
  resolution: "lightningcss-linux-arm64-gnu@npm:1.29.3"
  conditions: os=linux & cpu=arm64 & libc=glibc
  languageName: node
  linkType: hard

"lightningcss-linux-arm64-musl@npm:1.29.3":
  version: 1.29.3
  resolution: "lightningcss-linux-arm64-musl@npm:1.29.3"
  conditions: os=linux & cpu=arm64 & libc=musl
  languageName: node
  linkType: hard

"lightningcss-linux-x64-gnu@npm:1.29.3":
  version: 1.29.3
  resolution: "lightningcss-linux-x64-gnu@npm:1.29.3"
  conditions: os=linux & cpu=x64 & libc=glibc
  languageName: node
  linkType: hard

"lightningcss-linux-x64-musl@npm:1.29.3":
  version: 1.29.3
  resolution: "lightningcss-linux-x64-musl@npm:1.29.3"
  conditions: os=linux & cpu=x64 & libc=musl
  languageName: node
  linkType: hard

"lightningcss-win32-arm64-msvc@npm:1.29.3":
  version: 1.29.3
  resolution: "lightningcss-win32-arm64-msvc@npm:1.29.3"
  conditions: os=win32 & cpu=arm64
  languageName: node
  linkType: hard

"lightningcss-win32-x64-msvc@npm:1.29.3":
  version: 1.29.3
  resolution: "lightningcss-win32-x64-msvc@npm:1.29.3"
  conditions: os=win32 & cpu=x64
  languageName: node
  linkType: hard

"lightningcss@npm:^1.28.1":
  version: 1.29.3
  resolution: "lightningcss@npm:1.29.3"
  dependencies:
    detect-libc: "npm:^2.0.3"
    lightningcss-darwin-arm64: "npm:1.29.3"
    lightningcss-darwin-x64: "npm:1.29.3"
    lightningcss-freebsd-x64: "npm:1.29.3"
    lightningcss-linux-arm-gnueabihf: "npm:1.29.3"
    lightningcss-linux-arm64-gnu: "npm:1.29.3"
    lightningcss-linux-arm64-musl: "npm:1.29.3"
    lightningcss-linux-x64-gnu: "npm:1.29.3"
    lightningcss-linux-x64-musl: "npm:1.29.3"
    lightningcss-win32-arm64-msvc: "npm:1.29.3"
    lightningcss-win32-x64-msvc: "npm:1.29.3"
  dependenciesMeta:
    lightningcss-darwin-arm64:
      optional: true
    lightningcss-darwin-x64:
      optional: true
    lightningcss-freebsd-x64:
      optional: true
    lightningcss-linux-arm-gnueabihf:
      optional: true
    lightningcss-linux-arm64-gnu:
      optional: true
    lightningcss-linux-arm64-musl:
      optional: true
    lightningcss-linux-x64-gnu:
      optional: true
    lightningcss-linux-x64-musl:
      optional: true
    lightningcss-win32-arm64-msvc:
      optional: true
    lightningcss-win32-x64-msvc:
      optional: true
  checksum: 10c0/6817846ecc0767b31de7a22cfe977dfc679e7dd7be8b1f811364ce7c1f8db079d6d2161e9d5d4e6a7ecb166f920dfb20fe7f60fba328a1c60c3dc358ec3b45f2
  languageName: node
  linkType: hard

"locate-path@npm:^7.2.0":
  version: 7.2.0
  resolution: "locate-path@npm:7.2.0"
  dependencies:
    p-locate: "npm:^6.0.0"
  checksum: 10c0/139e8a7fe11cfbd7f20db03923cacfa5db9e14fa14887ea121345597472b4a63c1a42a8a5187defeeff6acf98fd568da7382aa39682d38f0af27433953a97751
  languageName: node
  linkType: hard

"lower-case@npm:^2.0.2":
  version: 2.0.2
  resolution: "lower-case@npm:2.0.2"
  dependencies:
    tslib: "npm:^2.0.3"
  checksum: 10c0/3d925e090315cf7dc1caa358e0477e186ffa23947740e4314a7429b6e62d72742e0bbe7536a5ae56d19d7618ce998aba05caca53c2902bd5742fdca5fc57fd7b
  languageName: node
  linkType: hard

"minify@npm:^14.0.0":
  version: 14.0.0
  resolution: "minify@npm:14.0.0"
  dependencies:
    "@putout/minify": "npm:^5.0.0"
    "@swc/core": "npm:^1.6.7"
    clean-css: "npm:^5.0.1"
    css-b64-images: "npm:~0.2.5"
    debug: "npm:^4.1.0"
    esbuild: "npm:^0.25.1"
    find-up: "npm:^7.0.0"
    html-minifier-terser: "npm:^7.1.0"
    lightningcss: "npm:^1.28.1"
    montag: "npm:^1.2.1"
    readjson: "npm:^2.2.2"
    simport: "npm:^1.2.0"
    terser: "npm:^5.28.1"
    try-catch: "npm:^3.0.0"
    try-to-catch: "npm:^3.0.0"
  bin:
    minify: bin/minify.js
  checksum: 10c0/2d9f76dd286dbeda60bdb59635d1e34ed27d6d902cfacf714da235b068a03316ef24630a35793f0fda62df006e8fc660d472b1241c1ff65c0d28e96484ae8e1d
  languageName: node
  linkType: hard

"minimatch@npm:^3.1.2":
  version: 3.1.2
  resolution: "minimatch@npm:3.1.2"
  dependencies:
    brace-expansion: "npm:^1.1.7"
  checksum: 10c0/0262810a8fc2e72cca45d6fd86bd349eee435eb95ac6aa45c9ea2180e7ee875ef44c32b55b5973ceabe95ea12682f6e3725cbb63d7a2d1da3ae1163c8b210311
  languageName: node
  linkType: hard

"minimatch@npm:^5.0.1":
  version: 5.1.6
  resolution: "minimatch@npm:5.1.6"
  dependencies:
    brace-expansion: "npm:^2.0.1"
  checksum: 10c0/3defdfd230914f22a8da203747c42ee3c405c39d4d37ffda284dac5e45b7e1f6c49aa8be606509002898e73091ff2a3bbfc59c2c6c71d4660609f63aa92f98e3
  languageName: node
  linkType: hard

"montag@npm:^1.2.1":
  version: 1.2.1
  resolution: "montag@npm:1.2.1"
  checksum: 10c0/f7e9fac2735e9b0d73671558f76731d98b8e4b4f99045bc326038eacd16c62c0a020b05c26e5eb6b75d37810b9a45b3cc0f718e05555655d021b62dc8a1515de
  languageName: node
  linkType: hard

"ms@npm:^2.1.3":
  version: 2.1.3
  resolution: "ms@npm:2.1.3"
  checksum: 10c0/d924b57e7312b3b63ad21fc5b3dc0af5e78d61a1fc7cfb5457edaf26326bf62be5307cc87ffb6862ef1c2b33b0233cdb5d4f01c4c958cc0d660948b65a287a48
  languageName: node
  linkType: hard

"no-case@npm:^3.0.4":
  version: 3.0.4
  resolution: "no-case@npm:3.0.4"
  dependencies:
    lower-case: "npm:^2.0.2"
    tslib: "npm:^2.0.3"
  checksum: 10c0/8ef545f0b3f8677c848f86ecbd42ca0ff3cd9dd71c158527b344c69ba14710d816d8489c746b6ca225e7b615108938a0bda0a54706f8c255933703ac1cf8e703
  languageName: node
  linkType: hard

"p-limit@npm:^4.0.0":
  version: 4.0.0
  resolution: "p-limit@npm:4.0.0"
  dependencies:
    yocto-queue: "npm:^1.0.0"
  checksum: 10c0/a56af34a77f8df2ff61ddfb29431044557fcbcb7642d5a3233143ebba805fc7306ac1d448de724352861cb99de934bc9ab74f0d16fe6a5460bdbdf938de875ad
  languageName: node
  linkType: hard

"p-locate@npm:^6.0.0":
  version: 6.0.0
  resolution: "p-locate@npm:6.0.0"
  dependencies:
    p-limit: "npm:^4.0.0"
  checksum: 10c0/d72fa2f41adce59c198270aa4d3c832536c87a1806e0f69dffb7c1a7ca998fb053915ca833d90f166a8c082d3859eabfed95f01698a3214c20df6bb8de046312
  languageName: node
  linkType: hard

"param-case@npm:^3.0.4":
  version: 3.0.4
  resolution: "param-case@npm:3.0.4"
  dependencies:
    dot-case: "npm:^3.0.4"
    tslib: "npm:^2.0.3"
  checksum: 10c0/ccc053f3019f878eca10e70ec546d92f51a592f762917dafab11c8b532715dcff58356118a6f350976e4ab109e321756f05739643ed0ca94298e82291e6f9e76
  languageName: node
  linkType: hard

"pascal-case@npm:^3.1.2":
  version: 3.1.2
  resolution: "pascal-case@npm:3.1.2"
  dependencies:
    no-case: "npm:^3.0.4"
    tslib: "npm:^2.0.3"
  checksum: 10c0/05ff7c344809fd272fc5030ae0ee3da8e4e63f36d47a1e0a4855ca59736254192c5a27b5822ed4bae96e54048eec5f6907713cfcfff7cdf7a464eaf7490786d8
  languageName: node
  linkType: hard

"path-exists@npm:^5.0.0":
  version: 5.0.0
  resolution: "path-exists@npm:5.0.0"
  checksum: 10c0/b170f3060b31604cde93eefdb7392b89d832dfbc1bed717c9718cbe0f230c1669b7e75f87e19901da2250b84d092989a0f9e44d2ef41deb09aa3ad28e691a40a
  languageName: node
  linkType: hard

"readjson@npm:^2.2.0, readjson@npm:^2.2.2":
  version: 2.2.2
  resolution: "readjson@npm:2.2.2"
  dependencies:
    jju: "npm:^1.4.0"
    try-catch: "npm:^3.0.0"
  checksum: 10c0/9ba86a71adff8dd6792e9b3216f2db477015fd1538ebf7530eacf195d18baa60ebcc1c2d4d351fbc417098e2e9c8507667cd8c61c972baa3c350df979df83711
  languageName: node
  linkType: hard

"relateurl@npm:^0.2.7":
  version: 0.2.7
  resolution: "relateurl@npm:0.2.7"
  checksum: 10c0/c248b4e3b32474f116a804b537fa6343d731b80056fb506dffd91e737eef4cac6be47a65aae39b522b0db9d0b1011d1a12e288d82a109ecd94a5299d82f6573a
  languageName: node
  linkType: hard

"simport@npm:^1.2.0":
  version: 1.2.0
  resolution: "simport@npm:1.2.0"
  dependencies:
    readjson: "npm:^2.2.0"
    try-to-catch: "npm:^3.0.0"
  checksum: 10c0/fde07b10896274fc60a322be5c68b2846efc56431f5cb3b357bd273ef7c239c243ccab6dbcf6565605be08355074927fc00a8404c9edb53de9f1c195300c8946
  languageName: node
  linkType: hard

"source-map-support@npm:~0.5.20":
  version: 0.5.21
  resolution: "source-map-support@npm:0.5.21"
  dependencies:
    buffer-from: "npm:^1.0.0"
    source-map: "npm:^0.6.0"
  checksum: 10c0/9ee09942f415e0f721d6daad3917ec1516af746a8120bba7bb56278707a37f1eb8642bde456e98454b8a885023af81a16e646869975f06afc1a711fb90484e7d
  languageName: node
  linkType: hard

"source-map@npm:^0.6.0, source-map@npm:~0.6.0":
  version: 0.6.1
  resolution: "source-map@npm:0.6.1"
  checksum: 10c0/ab55398007c5e5532957cb0beee2368529618ac0ab372d789806f5718123cc4367d57de3904b4e6a4170eb5a0b0f41373066d02ca0735a0c4d75c7d328d3e011
  languageName: node
  linkType: hard

"supports-color@npm:^7.1.0":
  version: 7.2.0
  resolution: "supports-color@npm:7.2.0"
  dependencies:
    has-flag: "npm:^4.0.0"
  checksum: 10c0/afb4c88521b8b136b5f5f95160c98dee7243dc79d5432db7efc27efb219385bbc7d9427398e43dd6cc730a0f87d5085ce1652af7efbe391327bc0a7d0f7fc124
  languageName: node
  linkType: hard

"terser@npm:^5.15.1, terser@npm:^5.28.1, terser@npm:^5.3.2":
  version: 5.39.0
  resolution: "terser@npm:5.39.0"
  dependencies:
    "@jridgewell/source-map": "npm:^0.3.3"
    acorn: "npm:^8.8.2"
    commander: "npm:^2.20.0"
    source-map-support: "npm:~0.5.20"
  bin:
    terser: bin/terser
  checksum: 10c0/83326545ea1aecd6261030568b6191ccfa4cb6aa61d9ea41746a52479f50017a78b77e4725fbbc207c5df841ffa66a773c5ac33636e95c7ab94fe7e0379ae5c7
  languageName: node
  linkType: hard

"try-catch@npm:^3.0.0":
  version: 3.0.1
  resolution: "try-catch@npm:3.0.1"
  checksum: 10c0/43618d9838139ab8aa6d3bf68e9bad693ad3e154126771687e503f0b35e2d0a329d90336cd38d52533426d0a6c91aa02a6de03bac6db1cbfb1787bbf4a946e61
  languageName: node
  linkType: hard

"try-to-catch@npm:^3.0.0":
  version: 3.0.1
  resolution: "try-to-catch@npm:3.0.1"
  checksum: 10c0/2213ab9038b03da60ebb03524596fcf904b7976446a7907734633c9d7c38d26ae355427eab0ed9e8335a1ec347f4784326e6c8c3e91fc28eee6d192196c69d68
  languageName: node
  linkType: hard

"tslib@npm:^2.0.3":
  version: 2.8.1
  resolution: "tslib@npm:2.8.1"
  checksum: 10c0/9c4759110a19c53f992d9aae23aac5ced636e99887b51b9e61def52611732872ff7668757d4e4c61f19691e36f4da981cd9485e869b4a7408d689f6bf1f14e62
  languageName: node
  linkType: hard

"undici-types@npm:~6.21.0":
  version: 6.21.0
  resolution: "undici-types@npm:6.21.0"
  checksum: 10c0/c01ed51829b10aa72fc3ce64b747f8e74ae9b60eafa19a7b46ef624403508a54c526ffab06a14a26b3120d055e1104d7abe7c9017e83ced038ea5cf52f8d5e04
  languageName: node
  linkType: hard

"unicorn-magic@npm:^0.1.0":
  version: 0.1.0
  resolution: "unicorn-magic@npm:0.1.0"
  checksum: 10c0/e4ed0de05b0a05e735c7d8a2930881e5efcfc3ec897204d5d33e7e6247f4c31eac92e383a15d9a6bccb7319b4271ee4bea946e211bf14951fec6ff2cbbb66a92
  languageName: node
  linkType: hard

"yocto-queue@npm:^1.0.0":
  version: 1.2.1
  resolution: "yocto-queue@npm:1.2.1"
  checksum: 10c0/5762caa3d0b421f4bdb7a1926b2ae2189fc6e4a14469258f183600028eb16db3e9e0306f46e8ebf5a52ff4b81a881f22637afefbef5399d6ad440824e9b27f9f
  languageName: node
  linkType: hard

"yomi@workspace:.":
  version: 0.0.0-use.local
  resolution: "yomi@workspace:."
  dependencies:
    "@types/bun": "npm:latest"
    "@types/ejs": "npm:^3.1.5"
    "@types/minify": "npm:^9.1.4"
    ejs: "npm:^3.1.10"
    minify: "npm:^14.0.0"
  peerDependencies:
    typescript: ^5
  languageName: unknown
  linkType: soft
